
Microsoft Visual Studio Solution File, Format Version 12.00
# Visual Studio 15
VisualStudioVersion = 15.0.27703.2026
MinimumVisualStudioVersion = 10.0.40219.1
Project("{FAE04EC0-301F-11D3-BF4B-00C04F79EFBC}") = "Proj.MathLibrary", "Proj.MathLibrary\Proj.MathLibrary.csproj", "{346DD17E-1C88-4017-AF0D-855637440338}"
EndProject
Project("{FAE04EC0-301F-11D3-BF4B-00C04F79EFBC}") = "Proj.UnitTestProject", "Proj.UnitTestProject\Proj.UnitTestProject.csproj", "{9132923A-9233-48A2-9BA0-13919840AC0E}"
EndProject
Global
	GlobalSection(SolutionConfigurationPlatforms) = preSolution
		Debug|Any CPU = Debug|Any CPU
		Release|Any CPU = Release|Any CPU
	EndGlobalSection
	GlobalSection(ProjectConfigurationPlatforms) = postSolution
		{346DD17E-1C88-4017-AF0D-855637440338}.Debug|Any CPU.ActiveCfg = Debug|Any CPU
		{346DD17E-1C88-4017-AF0D-855637440338}.Debug|Any CPU.Build.0 = Debug|Any CPU
		{346DD17E-1C88-4017-AF0D-855637440338}.Release|Any CPU.ActiveCfg = Release|Any CPU
		{346DD17E-1C88-4017-AF0D-855637440338}.Release|Any CPU.Build.0 = Release|Any CPU
		{9132923A-9233-48A2-9BA0-13919840AC0E}.Debug|Any CPU.ActiveCfg = Debug|Any CPU
		{9132923A-9233-48A2-9BA0-13919840AC0E}.Debug|Any CPU.Build.0 = Debug|Any CPU
		{9132923A-9233-48A2-9BA0-13919840AC0E}.Release|Any CPU.ActiveCfg = Release|Any CPU
		{9132923A-9233-48A2-9BA0-13919840AC0E}.Release|Any CPU.Build.0 = Release|Any CPU
	EndGlobalSection
	GlobalSection(SolutionProperties) = preSolution
		HideSolutionNode = FALSE
	EndGlobalSection
	GlobalSection(ExtensibilityGlobals) = postSolution
		SolutionGuid = {91BF6E66-DAE5-4D31-9017-0872592D4F35}
	EndGlobalSection
EndGlobal
